
Microsoft Visual Studio Solution File, Format Version 12.00
# Visual Studio Version 17
VisualStudioVersion = 17.9.34723.18
MinimumVisualStudioVersion = 10.0.40219.1
Project("{FAE04EC0-301F-11D3-BF4B-00C04F79EFBC}") = "MyRestaurant.Client", "MyRestaurant.Client\MyRestaurant.Client.csproj", "{9BB76360-DBFA-4509-B7F9-142AF9B06A81}"
EndProject
Global
	GlobalSection(SolutionConfigurationPlatforms) = preSolution
		Debug|Any CPU = Debug|Any CPU
		Release|Any CPU = Release|Any CPU
	EndGlobalSection
	GlobalSection(ProjectConfigurationPlatforms) = postSolution
		{9BB76360-DBFA-4509-B7F9-142AF9B06A81}.Debug|Any CPU.ActiveCfg = Debug|Any CPU
		{9BB76360-DBFA-4509-B7F9-142AF9B06A81}.Debug|Any CPU.Build.0 = Debug|Any CPU
		{9BB76360-DBFA-4509-B7F9-142AF9B06A81}.Release|Any CPU.ActiveCfg = Release|Any CPU
		{9BB76360-DBFA-4509-B7F9-142AF9B06A81}.Release|Any CPU.Build.0 = Release|Any CPU
	EndGlobalSection
	GlobalSection(SolutionProperties) = preSolution
		HideSolutionNode = FALSE
	EndGlobalSection
	GlobalSection(ExtensibilityGlobals) = postSolution
		SolutionGuid = {F18A3D36-5825-49B3-8B6B-7B808D765BA2}
	EndGlobalSection
EndGlobal
